
Microsoft Visual Studio Solution File, Format Version 12.00
# Visual Studio 15
VisualStudioVersion = 15.0.28307.1525
MinimumVisualStudioVersion = 10.0.40219.1
Project("{8BC9CEB8-8B4A-11D0-8D11-00A0C91BC942}") = "2220", "2220\2220.vcxproj", "{B25A28F4-FE73-4850-8158-7D75A83E6C13}"
EndProject
Global
	GlobalSection(SolutionConfigurationPlatforms) = preSolution
		Debug|x64 = Debug|x64
		Debug|x86 = Debug|x86
		Release|x64 = Release|x64
		Release|x86 = Release|x86
	EndGlobalSection
	GlobalSection(ProjectConfigurationPlatforms) = postSolution
		{B25A28F4-FE73-4850-8158-7D75A83E6C13}.Debug|x64.ActiveCfg = Debug|x64
		{B25A28F4-FE73-4850-8158-7D75A83E6C13}.Debug|x64.Build.0 = Debug|x64
		{B25A28F4-FE73-4850-8158-7D75A83E6C13}.Debug|x86.ActiveCfg = Debug|Win32
		{B25A28F4-FE73-4850-8158-7D75A83E6C13}.Debug|x86.Build.0 = Debug|Win32
		{B25A28F4-FE73-4850-8158-7D75A83E6C13}.Release|x64.ActiveCfg = Release|x64
		{B25A28F4-FE73-4850-8158-7D75A83E6C13}.Release|x64.Build.0 = Release|x64
		{B25A28F4-FE73-4850-8158-7D75A83E6C13}.Release|x86.ActiveCfg = Release|Win32
		{B25A28F4-FE73-4850-8158-7D75A83E6C13}.Release|x86.Build.0 = Release|Win32
	EndGlobalSection
	GlobalSection(SolutionProperties) = preSolution
		HideSolutionNode = FALSE
	EndGlobalSection
	GlobalSection(ExtensibilityGlobals) = postSolution
		SolutionGuid = {093E310B-DADB-4C6D-A093-F7F83DDB54C7}
	EndGlobalSection
EndGlobal
