
Microsoft Visual Studio Solution File, Format Version 12.00
# Visual Studio 15
VisualStudioVersion = 15.0.28307.1525
MinimumVisualStudioVersion = 10.0.40219.1
Project("{8BC9CEB8-8B4A-11D0-8D11-00A0C91BC942}") = "01_불면증", "01_불면증\01_불면증.vcxproj", "{CC94CC04-5CD0-4E29-B815-334B3E59450B}"
EndProject
Project("{8BC9CEB8-8B4A-11D0-8D11-00A0C91BC942}") = "01_이진수", "01_이진수\01_이진수.vcxproj", "{6A8E5850-B40B-4400-9748-CED051E14C6C}"
EndProject
Project("{8BC9CEB8-8B4A-11D0-8D11-00A0C91BC942}") = "01_동아리", "01_동아리\01_동아리.vcxproj", "{CF6991B6-2B82-4D28-B74E-B30BECB365E0}"
EndProject
Project("{8BC9CEB8-8B4A-11D0-8D11-00A0C91BC942}") = "02_SLL기본", "02_SLL기본\02_SLL기본.vcxproj", "{4A7BB023-8916-420A-BF8C-4FE199BDB326}"
EndProject
Project("{8BC9CEB8-8B4A-11D0-8D11-00A0C91BC942}") = "02_DLL기본", "02_DLL기본\02_DLL기본.vcxproj", "{C969DB88-E08B-4FA5-9767-4DB290AB9C06}"
EndProject
Project("{8BC9CEB8-8B4A-11D0-8D11-00A0C91BC942}") = "03_쉬운거스름돈", "03_쉬운거스름돈\03_쉬운거스름돈.vcxproj", "{C8B1570D-3306-4A94-A97F-BF82DA0E6A60}"
EndProject
Project("{8BC9CEB8-8B4A-11D0-8D11-00A0C91BC942}") = "03_자기방으로", "03_자기방으로\03_자기방으로.vcxproj", "{F04D6DB9-04D0-475B-BDC3-ECB27948366B}"
EndProject
Project("{8BC9CEB8-8B4A-11D0-8D11-00A0C91BC942}") = "03_최대상금", "03_최대상금\03_최대상금.vcxproj", "{4D8E1D32-36AA-49F4-8548-F0C93CD9DCEC}"
EndProject
Project("{8BC9CEB8-8B4A-11D0-8D11-00A0C91BC942}") = "03_최장부분수열", "03_최장부분수열\03_최장부분수열.vcxproj", "{C9003A06-F67C-4DBB-9ED5-D1B524827589}"
EndProject
Project("{8BC9CEB8-8B4A-11D0-8D11-00A0C91BC942}") = "03_01Knapsack", "03_01Knapsack\03_01Knapsack.vcxproj", "{1D7BAF0A-E206-4FFD-B8FA-28EC39984532}"
EndProject
Project("{8BC9CEB8-8B4A-11D0-8D11-00A0C91BC942}") = "04_염라대왕", "04_염라대왕\04_염라대왕.vcxproj", "{98B22613-A51D-4F86-BB46-7C6FDC7941BB}"
EndProject
Project("{8BC9CEB8-8B4A-11D0-8D11-00A0C91BC942}") = "04_공통조상", "04_공통조상\04_공통조상.vcxproj", "{7695C22F-22CD-4C89-BB5F-2FF6CBF88E74}"
EndProject
Project("{8BC9CEB8-8B4A-11D0-8D11-00A0C91BC942}") = "04_영어공부", "04_영어공부\04_영어공부.vcxproj", "{2B4B0111-DD5C-45FD-8FF3-9DEFBB5DC9D9}"
EndProject
Project("{8BC9CEB8-8B4A-11D0-8D11-00A0C91BC942}") = "04_광고시간", "04_광고시간\04_광고시간.vcxproj", "{15F1FF8E-1885-46E3-BBBC-22D032C19C83}"
EndProject
Project("{8BC9CEB8-8B4A-11D0-8D11-00A0C91BC942}") = "05_지뢰찾기", "05_지뢰찾기\05_지뢰찾기.vcxproj", "{C03110B5-3483-461A-81C5-FB5DD82ED3D9}"
EndProject
Project("{8BC9CEB8-8B4A-11D0-8D11-00A0C91BC942}") = "05_영준이의진짜BFS", "05_영준이의진짜BFS\05_영준이의진짜BFS.vcxproj", "{1C3F8133-388E-4251-8A4E-6CA27E996519}"
EndProject
Project("{8BC9CEB8-8B4A-11D0-8D11-00A0C91BC942}") = "06_중위순회", "06_중위순회\06_중위순회.vcxproj", "{3FEBB7E5-26DE-4081-A2BD-94FB6E573026}"
EndProject
Project("{8BC9CEB8-8B4A-11D0-8D11-00A0C91BC942}") = "06_사칙연산", "06_사칙연산\06_사칙연산.vcxproj", "{8AA2A985-00CC-48F0-8AB6-3A39F7C60F01}"
EndProject
Project("{8BC9CEB8-8B4A-11D0-8D11-00A0C91BC942}") = "06_사칙연산유효성", "06_사칙연산유효성\06_사칙연산유효성.vcxproj", "{DD378AA7-2764-4B8B-B333-49CDAD765310}"
EndProject
Global
	GlobalSection(SolutionConfigurationPlatforms) = preSolution
		Debug|x64 = Debug|x64
		Debug|x86 = Debug|x86
		Release|x64 = Release|x64
		Release|x86 = Release|x86
	EndGlobalSection
	GlobalSection(ProjectConfigurationPlatforms) = postSolution
		{CC94CC04-5CD0-4E29-B815-334B3E59450B}.Debug|x64.ActiveCfg = Debug|x64
		{CC94CC04-5CD0-4E29-B815-334B3E59450B}.Debug|x64.Build.0 = Debug|x64
		{CC94CC04-5CD0-4E29-B815-334B3E59450B}.Debug|x86.ActiveCfg = Debug|Win32
		{CC94CC04-5CD0-4E29-B815-334B3E59450B}.Debug|x86.Build.0 = Debug|Win32
		{CC94CC04-5CD0-4E29-B815-334B3E59450B}.Release|x64.ActiveCfg = Release|x64
		{CC94CC04-5CD0-4E29-B815-334B3E59450B}.Release|x64.Build.0 = Release|x64
		{CC94CC04-5CD0-4E29-B815-334B3E59450B}.Release|x86.ActiveCfg = Release|Win32
		{CC94CC04-5CD0-4E29-B815-334B3E59450B}.Release|x86.Build.0 = Release|Win32
		{6A8E5850-B40B-4400-9748-CED051E14C6C}.Debug|x64.ActiveCfg = Debug|x64
		{6A8E5850-B40B-4400-9748-CED051E14C6C}.Debug|x64.Build.0 = Debug|x64
		{6A8E5850-B40B-4400-9748-CED051E14C6C}.Debug|x86.ActiveCfg = Debug|Win32
		{6A8E5850-B40B-4400-9748-CED051E14C6C}.Debug|x86.Build.0 = Debug|Win32
		{6A8E5850-B40B-4400-9748-CED051E14C6C}.Release|x64.ActiveCfg = Release|x64
		{6A8E5850-B40B-4400-9748-CED051E14C6C}.Release|x64.Build.0 = Release|x64
		{6A8E5850-B40B-4400-9748-CED051E14C6C}.Release|x86.ActiveCfg = Release|Win32
		{6A8E5850-B40B-4400-9748-CED051E14C6C}.Release|x86.Build.0 = Release|Win32
		{CF6991B6-2B82-4D28-B74E-B30BECB365E0}.Debug|x64.ActiveCfg = Debug|x64
		{CF6991B6-2B82-4D28-B74E-B30BECB365E0}.Debug|x64.Build.0 = Debug|x64
		{CF6991B6-2B82-4D28-B74E-B30BECB365E0}.Debug|x86.ActiveCfg = Debug|Win32
		{CF6991B6-2B82-4D28-B74E-B30BECB365E0}.Debug|x86.Build.0 = Debug|Win32
		{CF6991B6-2B82-4D28-B74E-B30BECB365E0}.Release|x64.ActiveCfg = Release|x64
		{CF6991B6-2B82-4D28-B74E-B30BECB365E0}.Release|x64.Build.0 = Release|x64
		{CF6991B6-2B82-4D28-B74E-B30BECB365E0}.Release|x86.ActiveCfg = Release|Win32
		{CF6991B6-2B82-4D28-B74E-B30BECB365E0}.Release|x86.Build.0 = Release|Win32
		{4A7BB023-8916-420A-BF8C-4FE199BDB326}.Debug|x64.ActiveCfg = Debug|x64
		{4A7BB023-8916-420A-BF8C-4FE199BDB326}.Debug|x64.Build.0 = Debug|x64
		{4A7BB023-8916-420A-BF8C-4FE199BDB326}.Debug|x86.ActiveCfg = Debug|Win32
		{4A7BB023-8916-420A-BF8C-4FE199BDB326}.Debug|x86.Build.0 = Debug|Win32
		{4A7BB023-8916-420A-BF8C-4FE199BDB326}.Release|x64.ActiveCfg = Release|x64
		{4A7BB023-8916-420A-BF8C-4FE199BDB326}.Release|x64.Build.0 = Release|x64
		{4A7BB023-8916-420A-BF8C-4FE199BDB326}.Release|x86.ActiveCfg = Release|Win32
		{4A7BB023-8916-420A-BF8C-4FE199BDB326}.Release|x86.Build.0 = Release|Win32
		{C969DB88-E08B-4FA5-9767-4DB290AB9C06}.Debug|x64.ActiveCfg = Debug|x64
		{C969DB88-E08B-4FA5-9767-4DB290AB9C06}.Debug|x64.Build.0 = Debug|x64
		{C969DB88-E08B-4FA5-9767-4DB290AB9C06}.Debug|x86.ActiveCfg = Debug|Win32
		{C969DB88-E08B-4FA5-9767-4DB290AB9C06}.Debug|x86.Build.0 = Debug|Win32
		{C969DB88-E08B-4FA5-9767-4DB290AB9C06}.Release|x64.ActiveCfg = Release|x64
		{C969DB88-E08B-4FA5-9767-4DB290AB9C06}.Release|x64.Build.0 = Release|x64
		{C969DB88-E08B-4FA5-9767-4DB290AB9C06}.Release|x86.ActiveCfg = Release|Win32
		{C969DB88-E08B-4FA5-9767-4DB290AB9C06}.Release|x86.Build.0 = Release|Win32
		{C8B1570D-3306-4A94-A97F-BF82DA0E6A60}.Debug|x64.ActiveCfg = Debug|x64
		{C8B1570D-3306-4A94-A97F-BF82DA0E6A60}.Debug|x64.Build.0 = Debug|x64
		{C8B1570D-3306-4A94-A97F-BF82DA0E6A60}.Debug|x86.ActiveCfg = Debug|Win32
		{C8B1570D-3306-4A94-A97F-BF82DA0E6A60}.Debug|x86.Build.0 = Debug|Win32
		{C8B1570D-3306-4A94-A97F-BF82DA0E6A60}.Release|x64.ActiveCfg = Release|x64
		{C8B1570D-3306-4A94-A97F-BF82DA0E6A60}.Release|x64.Build.0 = Release|x64
		{C8B1570D-3306-4A94-A97F-BF82DA0E6A60}.Release|x86.ActiveCfg = Release|Win32
		{C8B1570D-3306-4A94-A97F-BF82DA0E6A60}.Release|x86.Build.0 = Release|Win32
		{F04D6DB9-04D0-475B-BDC3-ECB27948366B}.Debug|x64.ActiveCfg = Debug|x64
		{F04D6DB9-04D0-475B-BDC3-ECB27948366B}.Debug|x64.Build.0 = Debug|x64
		{F04D6DB9-04D0-475B-BDC3-ECB27948366B}.Debug|x86.ActiveCfg = Debug|Win32
		{F04D6DB9-04D0-475B-BDC3-ECB27948366B}.Debug|x86.Build.0 = Debug|Win32
		{F04D6DB9-04D0-475B-BDC3-ECB27948366B}.Release|x64.ActiveCfg = Release|x64
		{F04D6DB9-04D0-475B-BDC3-ECB27948366B}.Release|x64.Build.0 = Release|x64
		{F04D6DB9-04D0-475B-BDC3-ECB27948366B}.Release|x86.ActiveCfg = Release|Win32
		{F04D6DB9-04D0-475B-BDC3-ECB27948366B}.Release|x86.Build.0 = Release|Win32
		{4D8E1D32-36AA-49F4-8548-F0C93CD9DCEC}.Debug|x64.ActiveCfg = Debug|x64
		{4D8E1D32-36AA-49F4-8548-F0C93CD9DCEC}.Debug|x64.Build.0 = Debug|x64
		{4D8E1D32-36AA-49F4-8548-F0C93CD9DCEC}.Debug|x86.ActiveCfg = Debug|Win32
		{4D8E1D32-36AA-49F4-8548-F0C93CD9DCEC}.Debug|x86.Build.0 = Debug|Win32
		{4D8E1D32-36AA-49F4-8548-F0C93CD9DCEC}.Release|x64.ActiveCfg = Release|x64
		{4D8E1D32-36AA-49F4-8548-F0C93CD9DCEC}.Release|x64.Build.0 = Release|x64
		{4D8E1D32-36AA-49F4-8548-F0C93CD9DCEC}.Release|x86.ActiveCfg = Release|Win32
		{4D8E1D32-36AA-49F4-8548-F0C93CD9DCEC}.Release|x86.Build.0 = Release|Win32
		{C9003A06-F67C-4DBB-9ED5-D1B524827589}.Debug|x64.ActiveCfg = Debug|x64
		{C9003A06-F67C-4DBB-9ED5-D1B524827589}.Debug|x64.Build.0 = Debug|x64
		{C9003A06-F67C-4DBB-9ED5-D1B524827589}.Debug|x86.ActiveCfg = Debug|Win32
		{C9003A06-F67C-4DBB-9ED5-D1B524827589}.Debug|x86.Build.0 = Debug|Win32
		{C9003A06-F67C-4DBB-9ED5-D1B524827589}.Release|x64.ActiveCfg = Release|x64
		{C9003A06-F67C-4DBB-9ED5-D1B524827589}.Release|x64.Build.0 = Release|x64
		{C9003A06-F67C-4DBB-9ED5-D1B524827589}.Release|x86.ActiveCfg = Release|Win32
		{C9003A06-F67C-4DBB-9ED5-D1B524827589}.Release|x86.Build.0 = Release|Win32
		{1D7BAF0A-E206-4FFD-B8FA-28EC39984532}.Debug|x64.ActiveCfg = Debug|x64
		{1D7BAF0A-E206-4FFD-B8FA-28EC39984532}.Debug|x64.Build.0 = Debug|x64
		{1D7BAF0A-E206-4FFD-B8FA-28EC39984532}.Debug|x86.ActiveCfg = Debug|Win32
		{1D7BAF0A-E206-4FFD-B8FA-28EC39984532}.Debug|x86.Build.0 = Debug|Win32
		{1D7BAF0A-E206-4FFD-B8FA-28EC39984532}.Release|x64.ActiveCfg = Release|x64
		{1D7BAF0A-E206-4FFD-B8FA-28EC39984532}.Release|x64.Build.0 = Release|x64
		{1D7BAF0A-E206-4FFD-B8FA-28EC39984532}.Release|x86.ActiveCfg = Release|Win32
		{1D7BAF0A-E206-4FFD-B8FA-28EC39984532}.Release|x86.Build.0 = Release|Win32
		{98B22613-A51D-4F86-BB46-7C6FDC7941BB}.Debug|x64.ActiveCfg = Debug|x64
		{98B22613-A51D-4F86-BB46-7C6FDC7941BB}.Debug|x64.Build.0 = Debug|x64
		{98B22613-A51D-4F86-BB46-7C6FDC7941BB}.Debug|x86.ActiveCfg = Debug|Win32
		{98B22613-A51D-4F86-BB46-7C6FDC7941BB}.Debug|x86.Build.0 = Debug|Win32
		{98B22613-A51D-4F86-BB46-7C6FDC7941BB}.Release|x64.ActiveCfg = Release|x64
		{98B22613-A51D-4F86-BB46-7C6FDC7941BB}.Release|x64.Build.0 = Release|x64
		{98B22613-A51D-4F86-BB46-7C6FDC7941BB}.Release|x86.ActiveCfg = Release|Win32
		{98B22613-A51D-4F86-BB46-7C6FDC7941BB}.Release|x86.Build.0 = Release|Win32
		{7695C22F-22CD-4C89-BB5F-2FF6CBF88E74}.Debug|x64.ActiveCfg = Debug|x64
		{7695C22F-22CD-4C89-BB5F-2FF6CBF88E74}.Debug|x64.Build.0 = Debug|x64
		{7695C22F-22CD-4C89-BB5F-2FF6CBF88E74}.Debug|x86.ActiveCfg = Debug|Win32
		{7695C22F-22CD-4C89-BB5F-2FF6CBF88E74}.Debug|x86.Build.0 = Debug|Win32
		{7695C22F-22CD-4C89-BB5F-2FF6CBF88E74}.Release|x64.ActiveCfg = Release|x64
		{7695C22F-22CD-4C89-BB5F-2FF6CBF88E74}.Release|x64.Build.0 = Release|x64
		{7695C22F-22CD-4C89-BB5F-2FF6CBF88E74}.Release|x86.ActiveCfg = Release|Win32
		{7695C22F-22CD-4C89-BB5F-2FF6CBF88E74}.Release|x86.Build.0 = Release|Win32
		{2B4B0111-DD5C-45FD-8FF3-9DEFBB5DC9D9}.Debug|x64.ActiveCfg = Debug|x64
		{2B4B0111-DD5C-45FD-8FF3-9DEFBB5DC9D9}.Debug|x64.Build.0 = Debug|x64
		{2B4B0111-DD5C-45FD-8FF3-9DEFBB5DC9D9}.Debug|x86.ActiveCfg = Debug|Win32
		{2B4B0111-DD5C-45FD-8FF3-9DEFBB5DC9D9}.Debug|x86.Build.0 = Debug|Win32
		{2B4B0111-DD5C-45FD-8FF3-9DEFBB5DC9D9}.Release|x64.ActiveCfg = Release|x64
		{2B4B0111-DD5C-45FD-8FF3-9DEFBB5DC9D9}.Release|x64.Build.0 = Release|x64
		{2B4B0111-DD5C-45FD-8FF3-9DEFBB5DC9D9}.Release|x86.ActiveCfg = Release|Win32
		{2B4B0111-DD5C-45FD-8FF3-9DEFBB5DC9D9}.Release|x86.Build.0 = Release|Win32
		{15F1FF8E-1885-46E3-BBBC-22D032C19C83}.Debug|x64.ActiveCfg = Debug|x64
		{15F1FF8E-1885-46E3-BBBC-22D032C19C83}.Debug|x64.Build.0 = Debug|x64
		{15F1FF8E-1885-46E3-BBBC-22D032C19C83}.Debug|x86.ActiveCfg = Debug|Win32
		{15F1FF8E-1885-46E3-BBBC-22D032C19C83}.Debug|x86.Build.0 = Debug|Win32
		{15F1FF8E-1885-46E3-BBBC-22D032C19C83}.Release|x64.ActiveCfg = Release|x64
		{15F1FF8E-1885-46E3-BBBC-22D032C19C83}.Release|x64.Build.0 = Release|x64
		{15F1FF8E-1885-46E3-BBBC-22D032C19C83}.Release|x86.ActiveCfg = Release|Win32
		{15F1FF8E-1885-46E3-BBBC-22D032C19C83}.Release|x86.Build.0 = Release|Win32
		{C03110B5-3483-461A-81C5-FB5DD82ED3D9}.Debug|x64.ActiveCfg = Debug|x64
		{C03110B5-3483-461A-81C5-FB5DD82ED3D9}.Debug|x64.Build.0 = Debug|x64
		{C03110B5-3483-461A-81C5-FB5DD82ED3D9}.Debug|x86.ActiveCfg = Debug|Win32
		{C03110B5-3483-461A-81C5-FB5DD82ED3D9}.Debug|x86.Build.0 = Debug|Win32
		{C03110B5-3483-461A-81C5-FB5DD82ED3D9}.Release|x64.ActiveCfg = Release|x64
		{C03110B5-3483-461A-81C5-FB5DD82ED3D9}.Release|x64.Build.0 = Release|x64
		{C03110B5-3483-461A-81C5-FB5DD82ED3D9}.Release|x86.ActiveCfg = Release|Win32
		{C03110B5-3483-461A-81C5-FB5DD82ED3D9}.Release|x86.Build.0 = Release|Win32
		{1C3F8133-388E-4251-8A4E-6CA27E996519}.Debug|x64.ActiveCfg = Debug|x64
		{1C3F8133-388E-4251-8A4E-6CA27E996519}.Debug|x64.Build.0 = Debug|x64
		{1C3F8133-388E-4251-8A4E-6CA27E996519}.Debug|x86.ActiveCfg = Debug|Win32
		{1C3F8133-388E-4251-8A4E-6CA27E996519}.Debug|x86.Build.0 = Debug|Win32
		{1C3F8133-388E-4251-8A4E-6CA27E996519}.Release|x64.ActiveCfg = Release|x64
		{1C3F8133-388E-4251-8A4E-6CA27E996519}.Release|x64.Build.0 = Release|x64
		{1C3F8133-388E-4251-8A4E-6CA27E996519}.Release|x86.ActiveCfg = Release|Win32
		{1C3F8133-388E-4251-8A4E-6CA27E996519}.Release|x86.Build.0 = Release|Win32
		{3FEBB7E5-26DE-4081-A2BD-94FB6E573026}.Debug|x64.ActiveCfg = Debug|x64
		{3FEBB7E5-26DE-4081-A2BD-94FB6E573026}.Debug|x64.Build.0 = Debug|x64
		{3FEBB7E5-26DE-4081-A2BD-94FB6E573026}.Debug|x86.ActiveCfg = Debug|Win32
		{3FEBB7E5-26DE-4081-A2BD-94FB6E573026}.Debug|x86.Build.0 = Debug|Win32
		{3FEBB7E5-26DE-4081-A2BD-94FB6E573026}.Release|x64.ActiveCfg = Release|x64
		{3FEBB7E5-26DE-4081-A2BD-94FB6E573026}.Release|x64.Build.0 = Release|x64
		{3FEBB7E5-26DE-4081-A2BD-94FB6E573026}.Release|x86.ActiveCfg = Release|Win32
		{3FEBB7E5-26DE-4081-A2BD-94FB6E573026}.Release|x86.Build.0 = Release|Win32
		{8AA2A985-00CC-48F0-8AB6-3A39F7C60F01}.Debug|x64.ActiveCfg = Debug|x64
		{8AA2A985-00CC-48F0-8AB6-3A39F7C60F01}.Debug|x64.Build.0 = Debug|x64
		{8AA2A985-00CC-48F0-8AB6-3A39F7C60F01}.Debug|x86.ActiveCfg = Debug|Win32
		{8AA2A985-00CC-48F0-8AB6-3A39F7C60F01}.Debug|x86.Build.0 = Debug|Win32
		{8AA2A985-00CC-48F0-8AB6-3A39F7C60F01}.Release|x64.ActiveCfg = Release|x64
		{8AA2A985-00CC-48F0-8AB6-3A39F7C60F01}.Release|x64.Build.0 = Release|x64
		{8AA2A985-00CC-48F0-8AB6-3A39F7C60F01}.Release|x86.ActiveCfg = Release|Win32
		{8AA2A985-00CC-48F0-8AB6-3A39F7C60F01}.Release|x86.Build.0 = Release|Win32
		{DD378AA7-2764-4B8B-B333-49CDAD765310}.Debug|x64.ActiveCfg = Debug|x64
		{DD378AA7-2764-4B8B-B333-49CDAD765310}.Debug|x64.Build.0 = Debug|x64
		{DD378AA7-2764-4B8B-B333-49CDAD765310}.Debug|x86.ActiveCfg = Debug|Win32
		{DD378AA7-2764-4B8B-B333-49CDAD765310}.Debug|x86.Build.0 = Debug|Win32
		{DD378AA7-2764-4B8B-B333-49CDAD765310}.Release|x64.ActiveCfg = Release|x64
		{DD378AA7-2764-4B8B-B333-49CDAD765310}.Release|x64.Build.0 = Release|x64
		{DD378AA7-2764-4B8B-B333-49CDAD765310}.Release|x86.ActiveCfg = Release|Win32
		{DD378AA7-2764-4B8B-B333-49CDAD765310}.Release|x86.Build.0 = Release|Win32
	EndGlobalSection
	GlobalSection(SolutionProperties) = preSolution
		HideSolutionNode = FALSE
	EndGlobalSection
	GlobalSection(ExtensibilityGlobals) = postSolution
		SolutionGuid = {8476B658-4338-45B9-A9F6-1CAD72A1745F}
	EndGlobalSection
EndGlobal
